
Microsoft Visual Studio Solution File, Format Version 12.00
# Visual Studio Version 17
VisualStudioVersion = 17.14.36915.13 d17.14
MinimumVisualStudioVersion = 10.0.40219.1
Project("{FAE04EC0-301F-11D3-BF4B-00C04F79EFBC}") = "Movies.Tests", "Movie.Tests\Movies.Tests.csproj", "{3EBF3AEA-5300-4AD8-8A8A-C1802784FA6C}"
EndProject
Global
	GlobalSection(SolutionConfigurationPlatforms) = preSolution
		Debug|Any CPU = Debug|Any CPU
		Release|Any CPU = Release|Any CPU
	EndGlobalSection
	GlobalSection(ProjectConfigurationPlatforms) = postSolution
		{3EBF3AEA-5300-4AD8-8A8A-C1802784FA6C}.Debug|Any CPU.ActiveCfg = Debug|Any CPU
		{3EBF3AEA-5300-4AD8-8A8A-C1802784FA6C}.Debug|Any CPU.Build.0 = Debug|Any CPU
		{3EBF3AEA-5300-4AD8-8A8A-C1802784FA6C}.Release|Any CPU.ActiveCfg = Release|Any CPU
		{3EBF3AEA-5300-4AD8-8A8A-C1802784FA6C}.Release|Any CPU.Build.0 = Release|Any CPU
	EndGlobalSection
	GlobalSection(SolutionProperties) = preSolution
		HideSolutionNode = FALSE
	EndGlobalSection
	GlobalSection(ExtensibilityGlobals) = postSolution
		SolutionGuid = {4C8E6921-6F23-460A-8240-708F68F2C74F}
	EndGlobalSection
EndGlobal
